
Microsoft Visual Studio Solution File, Format Version 12.00
# Visual Studio Version 17
VisualStudioVersion = 17.9.34622.214
MinimumVisualStudioVersion = 10.0.40219.1
Project("{FAE04EC0-301F-11D3-BF4B-00C04F79EFBC}") = "Print_Pattern", "Print_Pattern\Print_Pattern.csproj", "{FBA53F7C-EA53-4AAF-8C8A-A01C7D65362D}"
EndProject
Global
	GlobalSection(SolutionConfigurationPlatforms) = preSolution
		Debug|Any CPU = Debug|Any CPU
		Release|Any CPU = Release|Any CPU
	EndGlobalSection
	GlobalSection(ProjectConfigurationPlatforms) = postSolution
		{FBA53F7C-EA53-4AAF-8C8A-A01C7D65362D}.Debug|Any CPU.ActiveCfg = Debug|Any CPU
		{FBA53F7C-EA53-4AAF-8C8A-A01C7D65362D}.Debug|Any CPU.Build.0 = Debug|Any CPU
		{FBA53F7C-EA53-4AAF-8C8A-A01C7D65362D}.Release|Any CPU.ActiveCfg = Release|Any CPU
		{FBA53F7C-EA53-4AAF-8C8A-A01C7D65362D}.Release|Any CPU.Build.0 = Release|Any CPU
	EndGlobalSection
	GlobalSection(SolutionProperties) = preSolution
		HideSolutionNode = FALSE
	EndGlobalSection
	GlobalSection(ExtensibilityGlobals) = postSolution
		SolutionGuid = {E5B23437-7244-4860-A34B-CEC2F424CDE8}
	EndGlobalSection
EndGlobal
